
Microsoft Visual Studio Solution File, Format Version 12.00
# Visual Studio Version 17
VisualStudioVersion = 17.11.35327.3
MinimumVisualStudioVersion = 10.0.40219.1
Project("{FAE04EC0-301F-11D3-BF4B-00C04F79EFBC}") = "nesne4", "nesne4\nesne4.csproj", "{76A9ED43-D7AE-4ABF-91D1-50EDC6B42D4E}"
EndProject
Global
	GlobalSection(SolutionConfigurationPlatforms) = preSolution
		Debug|Any CPU = Debug|Any CPU
		Release|Any CPU = Release|Any CPU
	EndGlobalSection
	GlobalSection(ProjectConfigurationPlatforms) = postSolution
		{76A9ED43-D7AE-4ABF-91D1-50EDC6B42D4E}.Debug|Any CPU.ActiveCfg = Debug|Any CPU
		{76A9ED43-D7AE-4ABF-91D1-50EDC6B42D4E}.Debug|Any CPU.Build.0 = Debug|Any CPU
		{76A9ED43-D7AE-4ABF-91D1-50EDC6B42D4E}.Release|Any CPU.ActiveCfg = Release|Any CPU
		{76A9ED43-D7AE-4ABF-91D1-50EDC6B42D4E}.Release|Any CPU.Build.0 = Release|Any CPU
	EndGlobalSection
	GlobalSection(SolutionProperties) = preSolution
		HideSolutionNode = FALSE
	EndGlobalSection
	GlobalSection(ExtensibilityGlobals) = postSolution
		SolutionGuid = {F2F0870E-92E0-48FC-BA42-359C4B729B1D}
	EndGlobalSection
EndGlobal
